{
  "name": "UpdatedRegister-2",
  "version": "1.0.0",
  "lockfileVersion": 1,
  "requires": true,
  "dependencies": {
    "await-lock": {
      "version": "1.1.3",
      "resolved": "https://registry.npmjs.org/await-lock/-/await-lock-1.1.3.tgz",
      "integrity": "sha512-e0jRB8X/VVxulahjW16cM1dHsO7xjyZBP8p2AnVmg2Vn3q5xJ5sTUAybmkp96+s+QcrtidSJqpCGfWhVOX7NGg=="
    },
    "console-read-write": {
      "version": "0.1.1",
      "resolved": "https://registry.npmjs.org/console-read-write/-/console-read-write-0.1.1.tgz",
      "integrity": "sha512-oznwP8YnhYzN+72C6+LA4LnbcletRyz4ZQfNCBdvtXnE/RnpnRskaTljl7X4EAijkc2PQ3oYHU+C5r88Y8JC3A==",
      "requires": {
        "await-lock": "1.1.3"
      }
    },
    "node": {
      "version": "17.1.0",
      "resolved": "https://registry.npmjs.org/node/-/node-17.1.0.tgz",
      "integrity": "sha512-1gg810R7sKtFkCYMdIhOyYDCuRJZyLvP+lTX8Z9AMAiUdHPoeNu0KQN59CzBud5L/vMtFPkbsCwWOy1aTYOL8g==",
      "requires": {
        "node-bin-setup": "^1.0.0"
      }
    },
    "node-bin-setup": {
      "version": "1.0.6",
      "resolved": "https://registry.npmjs.org/node-bin-setup/-/node-bin-setup-1.0.6.tgz",
      "integrity": "sha512-uPIxXNis1CRbv1DwqAxkgBk5NFV3s7cMN/Gf556jSw6jBvV7ca4F9lRL/8cALcZecRibeqU+5dFYqFFmzv5a0Q=="
    }
  }
}
